
Microsoft Visual Studio Solution File, Format Version 12.00
# Visual Studio 2013
VisualStudioVersion = 12.0.30501.0
MinimumVisualStudioVersion = 10.0.40219.1
Project("{FAE04EC0-301F-11D3-BF4B-00C04F79EFBC}") = "EastCarmen.Entity", "EastCarmen.Entity\EastCarmen.Entity.csproj", "{713546AF-DDC4-49E1-BA81-E7663CF7E169}"
EndProject
Project("{FAE04EC0-301F-11D3-BF4B-00C04F79EFBC}") = "EastCarmen.Dao", "EastCarmen.Dao\EastCarmen.Dao.csproj", "{0CD8F1F7-AFD8-4EE7-AB36-D6C31B58CA7A}"
EndProject
Project("{FAE04EC0-301F-11D3-BF4B-00C04F79EFBC}") = "EastCarmen.Service", "EastCarmen.Service\EastCarmen.Service.csproj", "{3FF8665A-D3B5-4C73-9506-8AF473823D15}"
EndProject
Project("{FAE04EC0-301F-11D3-BF4B-00C04F79EFBC}") = "EastCarmen.IDao", "EastCarmen.IDao\EastCarmen.IDao.csproj", "{8BE3DF56-86A6-4408-8C19-06C03FA75FD0}"
EndProject
Project("{FAE04EC0-301F-11D3-BF4B-00C04F79EFBC}") = "EastCarmen.IService", "EastCarmen.IService\EastCarmen.IService.csproj", "{42A954D4-FA8D-49EA-8718-E19FC384BF7A}"
EndProject
Project("{FAE04EC0-301F-11D3-BF4B-00C04F79EFBC}") = "EastCarmen.Common", "EastCarmen.Common\EastCarmen.Common.csproj", "{4C14D8D5-66EE-4669-A140-A210573DF1F8}"
EndProject
Project("{FAE04EC0-301F-11D3-BF4B-00C04F79EFBC}") = "EastCarmen.UnitTestProject", "EastCarmen.UnitTestProject\EastCarmen.UnitTestProject.csproj", "{A40C50A1-D3D7-4BA1-ABF4-7572479AB2E1}"
EndProject
Project("{FAE04EC0-301F-11D3-BF4B-00C04F79EFBC}") = "EastCarmen.Controller", "EastCarmen.Controller\EastCarmen.Controller.csproj", "{3CF81FFB-FACD-421D-8093-7E5533B0490B}"
EndProject
Project("{FAE04EC0-301F-11D3-BF4B-00C04F79EFBC}") = "Admin", "Admin\Admin.csproj", "{E70C93FE-C2B3-49A5-B54D-48112025CE46}"
EndProject
Project("{FAE04EC0-301F-11D3-BF4B-00C04F79EFBC}") = "ConsoleMain", "ConsoleMain\ConsoleMain.csproj", "{F39672F1-3D45-430F-B160-28CCB8BF543E}"
EndProject
Project("{FAE04EC0-301F-11D3-BF4B-00C04F79EFBC}") = "AdminManagement", "AdminManagement\AdminManagement.csproj", "{52D8AB46-A2C4-40D3-9CF2-C661BFCAA4DE}"
EndProject
Global
	GlobalSection(SolutionConfigurationPlatforms) = preSolution
		Debug|Any CPU = Debug|Any CPU
		Release|Any CPU = Release|Any CPU
	EndGlobalSection
	GlobalSection(ProjectConfigurationPlatforms) = postSolution
		{713546AF-DDC4-49E1-BA81-E7663CF7E169}.Debug|Any CPU.ActiveCfg = Debug|Any CPU
		{713546AF-DDC4-49E1-BA81-E7663CF7E169}.Debug|Any CPU.Build.0 = Debug|Any CPU
		{713546AF-DDC4-49E1-BA81-E7663CF7E169}.Release|Any CPU.ActiveCfg = Release|Any CPU
		{713546AF-DDC4-49E1-BA81-E7663CF7E169}.Release|Any CPU.Build.0 = Release|Any CPU
		{0CD8F1F7-AFD8-4EE7-AB36-D6C31B58CA7A}.Debug|Any CPU.ActiveCfg = Debug|Any CPU
		{0CD8F1F7-AFD8-4EE7-AB36-D6C31B58CA7A}.Debug|Any CPU.Build.0 = Debug|Any CPU
		{0CD8F1F7-AFD8-4EE7-AB36-D6C31B58CA7A}.Release|Any CPU.ActiveCfg = Release|Any CPU
		{0CD8F1F7-AFD8-4EE7-AB36-D6C31B58CA7A}.Release|Any CPU.Build.0 = Release|Any CPU
		{3FF8665A-D3B5-4C73-9506-8AF473823D15}.Debug|Any CPU.ActiveCfg = Debug|Any CPU
		{3FF8665A-D3B5-4C73-9506-8AF473823D15}.Debug|Any CPU.Build.0 = Debug|Any CPU
		{3FF8665A-D3B5-4C73-9506-8AF473823D15}.Release|Any CPU.ActiveCfg = Release|Any CPU
		{3FF8665A-D3B5-4C73-9506-8AF473823D15}.Release|Any CPU.Build.0 = Release|Any CPU
		{8BE3DF56-86A6-4408-8C19-06C03FA75FD0}.Debug|Any CPU.ActiveCfg = Debug|Any CPU
		{8BE3DF56-86A6-4408-8C19-06C03FA75FD0}.Debug|Any CPU.Build.0 = Debug|Any CPU
		{8BE3DF56-86A6-4408-8C19-06C03FA75FD0}.Release|Any CPU.ActiveCfg = Release|Any CPU
		{8BE3DF56-86A6-4408-8C19-06C03FA75FD0}.Release|Any CPU.Build.0 = Release|Any CPU
		{42A954D4-FA8D-49EA-8718-E19FC384BF7A}.Debug|Any CPU.ActiveCfg = Debug|Any CPU
		{42A954D4-FA8D-49EA-8718-E19FC384BF7A}.Debug|Any CPU.Build.0 = Debug|Any CPU
		{42A954D4-FA8D-49EA-8718-E19FC384BF7A}.Release|Any CPU.ActiveCfg = Release|Any CPU
		{42A954D4-FA8D-49EA-8718-E19FC384BF7A}.Release|Any CPU.Build.0 = Release|Any CPU
		{4C14D8D5-66EE-4669-A140-A210573DF1F8}.Debug|Any CPU.ActiveCfg = Debug|Any CPU
		{4C14D8D5-66EE-4669-A140-A210573DF1F8}.Debug|Any CPU.Build.0 = Debug|Any CPU
		{4C14D8D5-66EE-4669-A140-A210573DF1F8}.Release|Any CPU.ActiveCfg = Release|Any CPU
		{4C14D8D5-66EE-4669-A140-A210573DF1F8}.Release|Any CPU.Build.0 = Release|Any CPU
		{A40C50A1-D3D7-4BA1-ABF4-7572479AB2E1}.Debug|Any CPU.ActiveCfg = Debug|Any CPU
		{A40C50A1-D3D7-4BA1-ABF4-7572479AB2E1}.Debug|Any CPU.Build.0 = Debug|Any CPU
		{A40C50A1-D3D7-4BA1-ABF4-7572479AB2E1}.Release|Any CPU.ActiveCfg = Release|Any CPU
		{A40C50A1-D3D7-4BA1-ABF4-7572479AB2E1}.Release|Any CPU.Build.0 = Release|Any CPU
		{3CF81FFB-FACD-421D-8093-7E5533B0490B}.Debug|Any CPU.ActiveCfg = Debug|Any CPU
		{3CF81FFB-FACD-421D-8093-7E5533B0490B}.Debug|Any CPU.Build.0 = Debug|Any CPU
		{3CF81FFB-FACD-421D-8093-7E5533B0490B}.Release|Any CPU.ActiveCfg = Release|Any CPU
		{3CF81FFB-FACD-421D-8093-7E5533B0490B}.Release|Any CPU.Build.0 = Release|Any CPU
		{E70C93FE-C2B3-49A5-B54D-48112025CE46}.Debug|Any CPU.ActiveCfg = Debug|Any CPU
		{E70C93FE-C2B3-49A5-B54D-48112025CE46}.Debug|Any CPU.Build.0 = Debug|Any CPU
		{E70C93FE-C2B3-49A5-B54D-48112025CE46}.Release|Any CPU.ActiveCfg = Release|Any CPU
		{E70C93FE-C2B3-49A5-B54D-48112025CE46}.Release|Any CPU.Build.0 = Release|Any CPU
		{F39672F1-3D45-430F-B160-28CCB8BF543E}.Debug|Any CPU.ActiveCfg = Debug|Any CPU
		{F39672F1-3D45-430F-B160-28CCB8BF543E}.Debug|Any CPU.Build.0 = Debug|Any CPU
		{F39672F1-3D45-430F-B160-28CCB8BF543E}.Release|Any CPU.ActiveCfg = Release|Any CPU
		{F39672F1-3D45-430F-B160-28CCB8BF543E}.Release|Any CPU.Build.0 = Release|Any CPU
		{52D8AB46-A2C4-40D3-9CF2-C661BFCAA4DE}.Debug|Any CPU.ActiveCfg = Debug|Any CPU
		{52D8AB46-A2C4-40D3-9CF2-C661BFCAA4DE}.Debug|Any CPU.Build.0 = Debug|Any CPU
		{52D8AB46-A2C4-40D3-9CF2-C661BFCAA4DE}.Release|Any CPU.ActiveCfg = Release|Any CPU
		{52D8AB46-A2C4-40D3-9CF2-C661BFCAA4DE}.Release|Any CPU.Build.0 = Release|Any CPU
	EndGlobalSection
	GlobalSection(SolutionProperties) = preSolution
		HideSolutionNode = FALSE
	EndGlobalSection
EndGlobal
