
Microsoft Visual Studio Solution File, Format Version 12.00
# Visual Studio 2013
VisualStudioVersion = 12.0.30501.0
MinimumVisualStudioVersion = 10.0.40219.1
Project("{2150E333-8FDC-42A3-9474-1A3956D46DE8}") = "Models", "Models", "{3C97DC44-F081-4F1F-A25A-5AB08B3F8DB4}"
EndProject
Project("{2150E333-8FDC-42A3-9474-1A3956D46DE8}") = "Dal", "Dal", "{E854E9C0-D492-4642-9F6C-C3D3D7865FB7}"
EndProject
Project("{2150E333-8FDC-42A3-9474-1A3956D46DE8}") = "Controllers", "Controllers", "{119AA08D-1926-4CFB-A61E-903BF5302614}"
EndProject
Project("{2150E333-8FDC-42A3-9474-1A3956D46DE8}") = "Views", "Views", "{4E681173-DEF8-4E28-8426-9AEEC7484A55}"
EndProject
Project("{2150E333-8FDC-42A3-9474-1A3956D46DE8}") = "Common", "Common", "{DC730565-94AD-4E2D-9DAA-B8F5A80F0E4E}"
EndProject
Project("{2150E333-8FDC-42A3-9474-1A3956D46DE8}") = "Bll", "Bll", "{B9F9911C-E69B-4DEF-8E2C-A3F494FF7F54}"
EndProject
Project("{FAE04EC0-301F-11D3-BF4B-00C04F79EFBC}") = "Cor.Pro.Model", "Cor.Pro.Model\Cor.Pro.Model.csproj", "{10B082F9-D39E-4889-9133-C4EC781FE6CC}"
EndProject
Project("{FAE04EC0-301F-11D3-BF4B-00C04F79EFBC}") = "Cor.Pro.IDal", "Cor.Pro.IDal\Cor.Pro.IDal.csproj", "{79069F2C-C0EC-4DE5-A08E-279C506EAF54}"
EndProject
Project("{FAE04EC0-301F-11D3-BF4B-00C04F79EFBC}") = "Cor.Pro.Dal", "Cor.Pro.Dal\Cor.Pro.Dal.csproj", "{42C074B8-43C4-4D4A-A3DC-74242C4FDFE4}"
EndProject
Project("{FAE04EC0-301F-11D3-BF4B-00C04F79EFBC}") = "Cor.Pro.IBll", "Cor.Pro.IBll\Cor.Pro.IBll.csproj", "{3C3EFC97-D88B-485B-810F-A4C932F16443}"
EndProject
Project("{FAE04EC0-301F-11D3-BF4B-00C04F79EFBC}") = "Cor.Pro.Bll", "Cor.Pro.Bll\Cor.Pro.Bll.csproj", "{F6DF533F-8916-4F22-ABB2-256551E9EEAF}"
EndProject
Project("{2150E333-8FDC-42A3-9474-1A3956D46DE8}") = "UnitTest", "UnitTest", "{010E5D25-E59B-4B94-8514-492201726BC2}"
EndProject
Project("{FAE04EC0-301F-11D3-BF4B-00C04F79EFBC}") = "UnitTestArchitecture", "UnitTestArchitecture\UnitTestArchitecture.csproj", "{988F94E9-32B8-4453-86C9-D8F5A9481B2F}"
EndProject
Project("{FAE04EC0-301F-11D3-BF4B-00C04F79EFBC}") = "WebTest", "WebTest\WebTest.csproj", "{B199C3A8-D6B5-4667-B6D4-8427A034BCA2}"
EndProject
Global
	GlobalSection(SolutionConfigurationPlatforms) = preSolution
		Debug|Any CPU = Debug|Any CPU
		Release|Any CPU = Release|Any CPU
	EndGlobalSection
	GlobalSection(ProjectConfigurationPlatforms) = postSolution
		{10B082F9-D39E-4889-9133-C4EC781FE6CC}.Debug|Any CPU.ActiveCfg = Debug|Any CPU
		{10B082F9-D39E-4889-9133-C4EC781FE6CC}.Debug|Any CPU.Build.0 = Debug|Any CPU
		{10B082F9-D39E-4889-9133-C4EC781FE6CC}.Release|Any CPU.ActiveCfg = Release|Any CPU
		{10B082F9-D39E-4889-9133-C4EC781FE6CC}.Release|Any CPU.Build.0 = Release|Any CPU
		{79069F2C-C0EC-4DE5-A08E-279C506EAF54}.Debug|Any CPU.ActiveCfg = Debug|Any CPU
		{79069F2C-C0EC-4DE5-A08E-279C506EAF54}.Debug|Any CPU.Build.0 = Debug|Any CPU
		{79069F2C-C0EC-4DE5-A08E-279C506EAF54}.Release|Any CPU.ActiveCfg = Release|Any CPU
		{79069F2C-C0EC-4DE5-A08E-279C506EAF54}.Release|Any CPU.Build.0 = Release|Any CPU
		{42C074B8-43C4-4D4A-A3DC-74242C4FDFE4}.Debug|Any CPU.ActiveCfg = Debug|Any CPU
		{42C074B8-43C4-4D4A-A3DC-74242C4FDFE4}.Debug|Any CPU.Build.0 = Debug|Any CPU
		{42C074B8-43C4-4D4A-A3DC-74242C4FDFE4}.Release|Any CPU.ActiveCfg = Release|Any CPU
		{42C074B8-43C4-4D4A-A3DC-74242C4FDFE4}.Release|Any CPU.Build.0 = Release|Any CPU
		{3C3EFC97-D88B-485B-810F-A4C932F16443}.Debug|Any CPU.ActiveCfg = Debug|Any CPU
		{3C3EFC97-D88B-485B-810F-A4C932F16443}.Debug|Any CPU.Build.0 = Debug|Any CPU
		{3C3EFC97-D88B-485B-810F-A4C932F16443}.Release|Any CPU.ActiveCfg = Release|Any CPU
		{3C3EFC97-D88B-485B-810F-A4C932F16443}.Release|Any CPU.Build.0 = Release|Any CPU
		{F6DF533F-8916-4F22-ABB2-256551E9EEAF}.Debug|Any CPU.ActiveCfg = Debug|Any CPU
		{F6DF533F-8916-4F22-ABB2-256551E9EEAF}.Debug|Any CPU.Build.0 = Debug|Any CPU
		{F6DF533F-8916-4F22-ABB2-256551E9EEAF}.Release|Any CPU.ActiveCfg = Release|Any CPU
		{F6DF533F-8916-4F22-ABB2-256551E9EEAF}.Release|Any CPU.Build.0 = Release|Any CPU
		{988F94E9-32B8-4453-86C9-D8F5A9481B2F}.Debug|Any CPU.ActiveCfg = Debug|Any CPU
		{988F94E9-32B8-4453-86C9-D8F5A9481B2F}.Debug|Any CPU.Build.0 = Debug|Any CPU
		{988F94E9-32B8-4453-86C9-D8F5A9481B2F}.Release|Any CPU.ActiveCfg = Release|Any CPU
		{988F94E9-32B8-4453-86C9-D8F5A9481B2F}.Release|Any CPU.Build.0 = Release|Any CPU
		{B199C3A8-D6B5-4667-B6D4-8427A034BCA2}.Debug|Any CPU.ActiveCfg = Debug|Any CPU
		{B199C3A8-D6B5-4667-B6D4-8427A034BCA2}.Debug|Any CPU.Build.0 = Debug|Any CPU
		{B199C3A8-D6B5-4667-B6D4-8427A034BCA2}.Release|Any CPU.ActiveCfg = Release|Any CPU
		{B199C3A8-D6B5-4667-B6D4-8427A034BCA2}.Release|Any CPU.Build.0 = Release|Any CPU
	EndGlobalSection
	GlobalSection(SolutionProperties) = preSolution
		HideSolutionNode = FALSE
	EndGlobalSection
	GlobalSection(NestedProjects) = preSolution
		{10B082F9-D39E-4889-9133-C4EC781FE6CC} = {3C97DC44-F081-4F1F-A25A-5AB08B3F8DB4}
		{79069F2C-C0EC-4DE5-A08E-279C506EAF54} = {E854E9C0-D492-4642-9F6C-C3D3D7865FB7}
		{42C074B8-43C4-4D4A-A3DC-74242C4FDFE4} = {E854E9C0-D492-4642-9F6C-C3D3D7865FB7}
		{3C3EFC97-D88B-485B-810F-A4C932F16443} = {B9F9911C-E69B-4DEF-8E2C-A3F494FF7F54}
		{F6DF533F-8916-4F22-ABB2-256551E9EEAF} = {B9F9911C-E69B-4DEF-8E2C-A3F494FF7F54}
		{988F94E9-32B8-4453-86C9-D8F5A9481B2F} = {010E5D25-E59B-4B94-8514-492201726BC2}
		{B199C3A8-D6B5-4667-B6D4-8427A034BCA2} = {010E5D25-E59B-4B94-8514-492201726BC2}
	EndGlobalSection
EndGlobal
